
Microsoft Visual Studio Solution File, Format Version 12.00
# Visual Studio Version 16
VisualStudioVersion = 16.0.31702.278
MinimumVisualStudioVersion = 10.0.40219.1
Project("{FAE04EC0-301F-11D3-BF4B-00C04F79EFBC}") = "EquiposNBA", "EquiposNBA\EquiposNBA.csproj", "{C57EA8FD-45E8-4CDE-B1D9-44BEB5416EE1}"
EndProject
Global
	GlobalSection(SolutionConfigurationPlatforms) = preSolution
		Debug|Any CPU = Debug|Any CPU
		Release|Any CPU = Release|Any CPU
	EndGlobalSection
	GlobalSection(ProjectConfigurationPlatforms) = postSolution
		{C57EA8FD-45E8-4CDE-B1D9-44BEB5416EE1}.Debug|Any CPU.ActiveCfg = Debug|Any CPU
		{C57EA8FD-45E8-4CDE-B1D9-44BEB5416EE1}.Debug|Any CPU.Build.0 = Debug|Any CPU
		{C57EA8FD-45E8-4CDE-B1D9-44BEB5416EE1}.Release|Any CPU.ActiveCfg = Release|Any CPU
		{C57EA8FD-45E8-4CDE-B1D9-44BEB5416EE1}.Release|Any CPU.Build.0 = Release|Any CPU
	EndGlobalSection
	GlobalSection(SolutionProperties) = preSolution
		HideSolutionNode = FALSE
	EndGlobalSection
	GlobalSection(ExtensibilityGlobals) = postSolution
		SolutionGuid = {8A5091A1-58F2-484F-879A-43121649690B}
	EndGlobalSection
EndGlobal
